// !$*UTF8*$!
{
	archiveVersion = 1;
	classes = {
	};
	objectVersion = 46;
	objects = {

/* Begin PBXBuildFile section */
		C4BE36E01E61604600AA5EFD /* AppDelegate.swift in Sources */ = {isa = PBXBuildFile; fileRef = C4BE36DF1E61604600AA5EFD /* AppDelegate.swift */; };
		C4BE36E21E61604600AA5EFD /* RecordSoundsViewController.swift in Sources */ = {isa = PBXBuildFile; fileRef = C4BE36E11E61604600AA5EFD /* RecordSoundsViewController.swift */; };
		C4BE36E51E61604600AA5EFD /* Main.storyboard in Resources */ = {isa = PBXBuildFile; fileRef = C4BE36E31E61604600AA5EFD /* Main.storyboard */; };
		C4BE36E71E61604600AA5EFD /* Assets.xcassets in Resources */ = {isa = PBXBuildFile; fileRef = C4BE36E61E61604600AA5EFD /* Assets.xcassets */; };
		C4BE36EA1E61604600AA5EFD /* LaunchScreen.storyboard in Resources */ = {isa = PBXBuildFile; fileRef = C4BE36E81E61604600AA5EFD /* LaunchScreen.storyboard */; };
		C4BE36F21E63D53A00AA5EFD /* PlaySoundsViewController.swift in Sources */ = {isa = PBXBuildFile; fileRef = C4BE36F11E63D53A00AA5EFD /* PlaySoundsViewController.swift */; };
/* End PBXBuildFile section */

/* Begin PBXFileReference section */
		C4BE36DC1E61604600AA5EFD /* PitchPerfect.app */ = {isa = PBXFileReference; explicitFileType = wrapper.application; includeInIndex = 0; path = PitchPerfect.app; sourceTree = BUILT_PRODUCTS_DIR; };
		C4BE36DF1E61604600AA5EFD /* AppDelegate.swift */ = {isa = PBXFileReference; lastKnownFileType = sourcecode.swift; path = AppDelegate.swift; sourceTree = "<group>"; };
		C4BE36E11E61604600AA5EFD /* RecordSoundsViewController.swift */ = {isa = PBXFileReference; lastKnownFileType = sourcecode.swift; path = RecordSoundsViewController.swift; sourceTree = "<group>"; };
		C4BE36E41E61604600AA5EFD /* Base */ = {isa = PBXFileReference; lastKnownFileType = file.storyboard; name = Base; path = Base.lproj/Main.storyboard; sourceTree = "<group>"; };
		C4BE36E61E61604600AA5EFD /* Assets.xcassets */ = {isa = PBXFileReference; lastKnownFileType = folder.assetcatalog; path = Assets.xcassets; sourceTree = "<group>"; };
		C4BE36E91E61604600AA5EFD /* Base */ = {isa = PBXFileReference; lastKnownFileType = file.storyboard; name = Base; path = Base.lproj/LaunchScreen.storyboard; sourceTree = "<group>"; };
		C4BE36EB1E61604600AA5EFD /* Info.plist */ = {isa = PBXFileReference; lastKnownFileType = text.plist.xml; path = Info.plist; sourceTree = "<group>"; };
		C4BE36F11E63D53A00AA5EFD /* PlaySoundsViewController.swift */ = {isa = PBXFileReference; fileEncoding = 4; lastKnownFileType = sourcecode.swift; path = PlaySoundsViewController.swift; sourceTree = "<group>"; };
/* End PBXFileReference section */

/* Begin PBXFrameworksBuildPhase section */
		C4BE36D91E61604600AA5EFD /* Frameworks */ = {
			isa = PBXFrameworksBuildPhase;
			buildActionMask = 2147483647;
			files = (
			);
			runOnlyForDeploymentPostprocessing = 0;
		};
/* End PBXFrameworksBuildPhase section */

/* Begin PBXGroup section */
		C4BE36D31E61604600AA5EFD = {
			isa = PBXGroup;
			children = (
				C4BE36DE1E61604600AA5EFD /* PitchPerfect */,
				C4BE36DD1E61604600AA5EFD /* Products */,
			);
			sourceTree = "<group>";
		};
		C4BE36DD1E61604600AA5EFD /* Products */ = {
			isa = PBXGroup;
			children = (
				C4BE36DC1E61604600AA5EFD /* PitchPerfect.app */,
			);
			name = Products;
			sourceTree = "<group>";
		};
		C4BE36DE1E61604600AA5EFD /* PitchPerfect */ = {
			isa = PBXGroup;
			children = (
				C4BE36DF1E61604600AA5EFD /* AppDelegate.swift */,
				C4BE36E11E61604600AA5EFD /* RecordSoundsViewController.swift */,
				C4BE36E31E61604600AA5EFD /* Main.storyboard */,
				C4BE36E61E61604600AA5EFD /* Assets.xcassets */,
				C4BE36E81E61604600AA5EFD /* LaunchScreen.storyboard */,
				C4BE36EB1E61604600AA5EFD /* Info.plist */,
				C4BE36F11E63D53A00AA5EFD /* PlaySoundsViewController.swift */,
			);
			path = PitchPerfect;
			sourceTree = "<group>";
		};
/* End PBXGroup section */

/* Begin PBXNativeTarget section */
		C4BE36DB1E61604600AA5EFD /* PitchPerfect */ = {
			isa = PBXNativeTarget;
			buildConfigurationList = C4BE36EE1E61604600AA5EFD /* Build configuration list for PBXNativeTarget "PitchPerfect" */;
			buildPhases = (
				C4BE36D81E61604600AA5EFD /* Sources */,
				C4BE36D91E61604600AA5EFD /* Frameworks */,
				C4BE36DA1E61604600AA5EFD /* Resources */,
			);
			buildRules = (
			);
			dependencies = (
			);
			name = PitchPerfect;
			productName = PitchPerfect;
			productReference = C4BE36DC1E61604600AA5EFD /* PitchPerfect.app */;
			productType = "com.apple.product-type.application";
		};
/* End PBXNativeTarget section */

/* Begin PBXProject section */
		C4BE36D41E61604600AA5EFD /* Project object */ = {
			isa = PBXProject;
			attributes = {
				LastSwiftUpdateCheck = 0820;
				LastUpgradeCheck = 0820;
				ORGANIZATIONNAME = Urbandyn;
				TargetAttributes = {
					C4BE36DB1E61604600AA5EFD = {
						CreatedOnToolsVersion = 8.2.1;
						DevelopmentTeam = QB45KR2AAX;
						ProvisioningStyle = Automatic;
					};
				};
			};
			buildConfigurationList = C4BE36D71E61604600AA5EFD /* Build configuration list for PBXProject "PitchPerfect" */;
			compatibilityVersion = "Xcode 3.2";
			developmentRegion = English;
			hasScannedForEncodings = 0;
			knownRegions = (
				en,
				Base,
			);
			mainGroup = C4BE36D31E61604600AA5EFD;
			productRefGroup = C4BE36DD1E61604600AA5EFD /* Products */;
			projectDirPath = "";
			projectRoot = "";
			targets = (
				C4BE36DB1E61604600AA5EFD /* PitchPerfect */,
			);
		};
/* End PBXProject section */

/* Begin PBXResourcesBuildPhase section */
		C4BE36DA1E61604600AA5EFD /* Resources */ = {
			isa = PBXResourcesBuildPhase;
			buildActionMask = 2147483647;
			files = (
				C4BE36EA1E61604600AA5EFD /* LaunchScreen.storyboard in Resources */,
				C4BE36E71E61604600AA5EFD /* Assets.xcassets in Resources */,
				C4BE36E51E61604600AA5EFD /* Main.storyboard in Resources */,
			);
			runOnlyForDeploymentPostprocessing = 0;
		};
/* End PBXResourcesBuildPhase section */

/* Begin PBXSourcesBuildPhase section */
		C4BE36D81E61604600AA5EFD /* Sources */ = {
			isa = PBXSourcesBuildPhase;
			buildActionMask = 2147483647;
			files = (
				C4BE36E21E61604600AA5EFD /* RecordSoundsViewController.swift in Sources */,
				C4BE36F21E63D53A00AA5EFD /* PlaySoundsViewController.swift in Sources */,
				C4BE36E01E61604600AA5EFD /* AppDelegate.swift in Sources */,
			);
			runOnlyForDeploymentPostprocessing = 0;
		};
/* End PBXSourcesBuildPhase section */

/* Begin PBXVariantGroup section */
		C4BE36E31E61604600AA5EFD /* Main.storyboard */ = {
			isa = PBXVariantGroup;
			children = (
				C4BE36E41E61604600AA5EFD /* Base */,
			);
			name = Main.storyboard;
			sourceTree = "<group>";
		};
		C4BE36E81E61604600AA5EFD /* LaunchScreen.storyboard */ = {
			isa = PBXVariantGroup;
			children = (
				C4BE36E91E61604600AA5EFD /* Base */,
			);
			name = LaunchScreen.storyboard;
			sourceTree = "<group>";
		};
/* End PBXVariantGroup section */

/* Begin XCBuildConfiguration section */
		C4BE36EC1E61604600AA5EFD /* Debug */ = {
			isa = XCBuildConfiguration;
			buildSettings = {
				ALWAYS_SEARCH_USER_PATHS = NO;
				CLANG_ANALYZER_NONNULL = YES;
				CLANG_CXX_LANGUAGE_STANDARD = "gnu++0x";
				CLANG_CXX_LIBRARY = "libc++";
				CLANG_ENABLE_MODULES = YES;
				CLANG_ENABLE_OBJC_ARC = YES;
				CLANG_WARN_BOOL_CONVERSION = YES;
				CLANG_WARN_CONSTANT_CONVERSION = YES;
				CLANG_WARN_DIRECT_OBJC_ISA_USAGE = YES_ERROR;
				CLANG_WARN_DOCUMENTATION_COMMENTS = YES;
				CLANG_WARN_EMPTY_BODY = YES;
				CLANG_WARN_ENUM_CONVERSION = YES;
				CLANG_WARN_INFINITE_RECURSION = YES;
				CLANG_WARN_INT_CONVERSION = YES;
				CLANG_WARN_OBJC_ROOT_CLASS = YES_ERROR;
				CLANG_WARN_SUSPICIOUS_MOVE = YES;
				CLANG_WARN_UNREACHABLE_CODE = YES;
				CLANG_WARN__DUPLICATE_METHOD_MATCH = YES;
				"CODE_SIGN_IDENTITY[sdk=iphoneos*]" = "iPhone Developer";
				COPY_PHASE_STRIP = NO;
				DEBUG_INFORMATION_FORMAT = dwarf;
				ENABLE_STRICT_OBJC_MSGSEND = YES;
				ENABLE_TESTABILITY = YES;
				GCC_C_LANGUAGE_STANDARD = gnu99;
				GCC_DYNAMIC_NO_PIC = NO;
				GCC_NO_COMMON_BLOCKS = YES;
				GCC_OPTIMIZATION_LEVEL = 0;
				GCC_PREPROCESSOR_DEFINITIONS = (
					"DEBUG=1",
					"$(inherited)",
				);
				GCC_WARN_64_TO_32_BIT_CONVERSION = YES;
				GCC_WARN_ABOUT_RETURN_TYPE = YES_ERROR;
				GCC_WARN_UNDECLARED_SELECTOR = YES;
				GCC_WARN_UNINITIALIZED_AUTOS = YES_AGGRESSIVE;
				GCC_WARN_UNUSED_FUNCTION = YES;
				GCC_WARN_UNUSED_VARIABLE = YES;
				IPHONEOS_DEPLOYMENT_TARGET = 10.2;
				MTL_ENABLE_DEBUG_INFO = YES;
				ONLY_ACTIVE_ARCH = YES;
				SDKROOT = iphoneos;
				SWIFT_ACTIVE_COMPILATION_CONDITIONS = DEBUG;
				SWIFT_OPTIMIZATION_LEVEL = "-Onone";
				TARGETED_DEVICE_FAMILY = "1,2";
			};
			name = Debug;
		};
		C4BE36ED1E61604600AA5EFD /* Release */ = {
			isa = XCBuildConfiguration;
			buildSettings = {
				ALWAYS_SEARCH_USER_PATHS = NO;
				CLANG_ANALYZER_NONNULL = YES;
				CLANG_CXX_LANGUAGE_STANDARD = "gnu++0x";
				CLANG_CXX_LIBRARY = "libc++";
				CLANG_ENABLE_MODULES = YES;
				CLANG_ENABLE_OBJC_ARC = YES;
				CLANG_WARN_BOOL_CONVERSION = YES;
				CLANG_WARN_CONSTANT_CONVERSION = YES;
				CLANG_WARN_DIRECT_OBJC_ISA_USAGE = YES_ERROR;
				CLANG_WARN_DOCUMENTATION_COMMENTS = YES;
				CLANG_WARN_EMPTY_BODY = YES;
				CLANG_WARN_ENUM_CONVERSION = YES;
				CLANG_WARN_INFINITE_RECURSION = YES;
				CLANG_WARN_INT_CONVERSION = YES;
				CLANG_WARN_OBJC_ROOT_CLASS = YES_ERROR;
				CLANG_WARN_SUSPICIOUS_MOVE = YES;
				CLANG_WARN_UNREACHABLE_CODE = YES;
				CLANG_WARN__DUPLICATE_METHOD_MATCH = YES;
				"CODE_SIGN_IDENTITY[sdk=iphoneos*]" = "iPhone Developer";
				COPY_PHASE_STRIP = NO;
				DEBUG_INFORMATION_FORMAT = "dwarf-with-dsym";
				ENABLE_NS_ASSERTIONS = NO;
				ENABLE_STRICT_OBJC_MSGSEND = YES;
				GCC_C_LANGUAGE_STANDARD = gnu99;
				GCC_NO_COMMON_BLOCKS = YES;
				GCC_WARN_64_TO_32_BIT_CONVERSION = YES;
				GCC_WARN_ABOUT_RETURN_TYPE = YES_ERROR;
				GCC_WARN_UNDECLARED_SELECTOR = YES;
				GCC_WARN_UNINITIALIZED_AUTOS = YES_AGGRESSIVE;
				GCC_WARN_UNUSED_FUNCTION = YES;
				GCC_WARN_UNUSED_VARIABLE = YES;
				IPHONEOS_DEPLOYMENT_TARGET = 10.2;
				MTL_ENABLE_DEBUG_INFO = NO;
				SDKROOT = iphoneos;
				SWIFT_OPTIMIZATION_LEVEL = "-Owholemodule";
				TARGETED_DEVICE_FAMILY = "1,2";
				VALIDATE_PRODUCT = YES;
			};
			name = Release;
		};
		C4BE36EF1E61604600AA5EFD /* Debug */ = {
			isa = XCBuildConfiguration;
			buildSettings = {
				ASSETCATALOG_COMPILER_APPICON_NAME = AppIcon;
				DEVELOPMENT_TEAM = QB45KR2AAX;
				INFOPLIST_FILE = PitchPerfect/Info.plist;
				LD_RUNPATH_SEARCH_PATHS = "$(inherited) @executable_path/Frameworks";
				PRODUCT_BUNDLE_IDENTIFIER = com.urbandyn.PitchPerfect;
				PRODUCT_NAME = "$(TARGET_NAME)";
				SWIFT_VERSION = 3.0;
			};
			name = Debug;
		};
		C4BE36F01E61604600AA5EFD /* Release */ = {
			isa = XCBuildConfiguration;
			buildSettings = {
				ASSETCATALOG_COMPILER_APPICON_NAME = AppIcon;
				DEVELOPMENT_TEAM = QB45KR2AAX;
				INFOPLIST_FILE = PitchPerfect/Info.plist;
				LD_RUNPATH_SEARCH_PATHS = "$(inherited) @executable_path/Frameworks";
				PRODUCT_BUNDLE_IDENTIFIER = com.urbandyn.PitchPerfect;
				PRODUCT_NAME = "$(TARGET_NAME)";
				SWIFT_VERSION = 3.0;
			};
			name = Release;
		};
/* End XCBuildConfiguration section */

/* Begin XCConfigurationList section */
		C4BE36D71E61604600AA5EFD /* Build configuration list for PBXProject "PitchPerfect" */ = {
			isa = XCConfigurationList;
			buildConfigurations = (
				C4BE36EC1E61604600AA5EFD /* Debug */,
				C4BE36ED1E61604600AA5EFD /* Release */,
			);
			defaultConfigurationIsVisible = 0;
			defaultConfigurationName = Release;
		};
		C4BE36EE1E61604600AA5EFD /* Build configuration list for PBXNativeTarget "PitchPerfect" */ = {
			isa = XCConfigurationList;
			buildConfigurations = (
				C4BE36EF1E61604600AA5EFD /* Debug */,
				C4BE36F01E61604600AA5EFD /* Release */,
			);
			defaultConfigurationIsVisible = 0;
			defaultConfigurationName = Release;
		};
/* End XCConfigurationList section */
	};
	rootObject = C4BE36D41E61604600AA5EFD /* Project object */;
}
